// !$*UTF8*$!
{
	archiveVersion = 1;
	classes = {
	};
	objectVersion = 56;
	objects = {

/* Begin PBXBuildFile section */
		39E2D084181904C0D43837EF /* Pods_GHFollowersSA.framework in Frameworks */ = {isa = PBXBuildFile; fileRef = 4A10F7FF0DEAA846168920CF /* Pods_GHFollowersSA.framework */; };
		541A473F2B98ACE800D0F7DD /* GitHubAuthResponse.swift in Sources */ = {isa = PBXBuildFile; fileRef = 541A473E2B98ACE800D0F7DD /* GitHubAuthResponse.swift */; };
		542C603C2B8A3EBE00ADD718 /* FollowersVC.swift in Sources */ = {isa = PBXBuildFile; fileRef = 542C603B2B8A3EBE00ADD718 /* FollowersVC.swift */; };
		542C603E2B8A480400ADD718 /* GitHubFollower.swift in Sources */ = {isa = PBXBuildFile; fileRef = 542C603D2B8A480400ADD718 /* GitHubFollower.swift */; };
		54820C992B933CE100020897 /* UtilFunctions.swift in Sources */ = {isa = PBXBuildFile; fileRef = 54820C982B933CE100020897 /* UtilFunctions.swift */; };
		54820C9B2B934BF800020897 /* UserAuthVC.swift in Sources */ = {isa = PBXBuildFile; fileRef = 54820C9A2B934BF800020897 /* UserAuthVC.swift */; };
		54B76BDF2B7402D00031A873 /* AppDelegate.swift in Sources */ = {isa = PBXBuildFile; fileRef = 54B76BDE2B7402D00031A873 /* AppDelegate.swift */; };
		54B76BE12B7402D00031A873 /* SceneDelegate.swift in Sources */ = {isa = PBXBuildFile; fileRef = 54B76BE02B7402D00031A873 /* SceneDelegate.swift */; };
		54B76BE32B7402D00031A873 /* SearchVC.swift in Sources */ = {isa = PBXBuildFile; fileRef = 54B76BE22B7402D00031A873 /* SearchVC.swift */; };
		54B76BE82B7402D10031A873 /* Assets.xcassets in Resources */ = {isa = PBXBuildFile; fileRef = 54B76BE72B7402D10031A873 /* Assets.xcassets */; };
		54B76BEB2B7402D10031A873 /* LaunchScreen.storyboard in Resources */ = {isa = PBXBuildFile; fileRef = 54B76BE92B7402D10031A873 /* LaunchScreen.storyboard */; };
		54B76BF52B74067B0031A873 /* FavouritesVC.swift in Sources */ = {isa = PBXBuildFile; fileRef = 54B76BF42B74067B0031A873 /* FavouritesVC.swift */; };
		54B76BF72B7407B80031A873 /* GHFButton.swift in Sources */ = {isa = PBXBuildFile; fileRef = 54B76BF62B7407B80031A873 /* GHFButton.swift */; };
		54B76BF92B7407C90031A873 /* GHFTextField.swift in Sources */ = {isa = PBXBuildFile; fileRef = 54B76BF82B7407C90031A873 /* GHFTextField.swift */; };
		54B76BFC2B740BB40031A873 /* Constants.swift in Sources */ = {isa = PBXBuildFile; fileRef = 54B76BFB2B740BB40031A873 /* Constants.swift */; };
		54CD9B052B853406002C3DBA /* GHNetworkHelper.swift in Sources */ = {isa = PBXBuildFile; fileRef = 54CD9B042B853406002C3DBA /* GHNetworkHelper.swift */; };
		54CD9B072B8536A3002C3DBA /* BaseViewModel.swift in Sources */ = {isa = PBXBuildFile; fileRef = 54CD9B062B8536A3002C3DBA /* BaseViewModel.swift */; };
		54CD9B092B861753002C3DBA /* GitHubUser.swift in Sources */ = {isa = PBXBuildFile; fileRef = 54CD9B082B861753002C3DBA /* GitHubUser.swift */; };
		54CD9B0B2B861C0E002C3DBA /* UserProfileFromSearchVC.swift in Sources */ = {isa = PBXBuildFile; fileRef = 54CD9B0A2B861C0E002C3DBA /* UserProfileFromSearchVC.swift */; };
		54DA8F4F2B8766D1002E25BB /* ResponseDelegate.swift in Sources */ = {isa = PBXBuildFile; fileRef = 54DA8F4E2B8766D1002E25BB /* ResponseDelegate.swift */; };
		54DA8F512B87DC5E002E25BB /* CustomToast.swift in Sources */ = {isa = PBXBuildFile; fileRef = 54DA8F502B87DC5E002E25BB /* CustomToast.swift */; };
		54E333F42B90AB1A00FF52B4 /* loader.json in Resources */ = {isa = PBXBuildFile; fileRef = 54E333F32B90AB1A00FF52B4 /* loader.json */; };
		54E333F72B90B5A800FF52B4 /* GHUserFieldValue.swift in Sources */ = {isa = PBXBuildFile; fileRef = 54E333F62B90B5A800FF52B4 /* GHUserFieldValue.swift */; };
		54E333F92B90B5BA00FF52B4 /* GHUserFieldHeader.swift in Sources */ = {isa = PBXBuildFile; fileRef = 54E333F82B90B5BA00FF52B4 /* GHUserFieldHeader.swift */; };
		54EEFEA82B9F32AD005737E1 /* KeychainHelper.swift in Sources */ = {isa = PBXBuildFile; fileRef = 54EEFEA72B9F32AD005737E1 /* KeychainHelper.swift */; };
/* End PBXBuildFile section */

/* Begin PBXFileReference section */
		4A10F7FF0DEAA846168920CF /* Pods_GHFollowersSA.framework */ = {isa = PBXFileReference; explicitFileType = wrapper.framework; includeInIndex = 0; path = Pods_GHFollowersSA.framework; sourceTree = BUILT_PRODUCTS_DIR; };
		541A473E2B98ACE800D0F7DD /* GitHubAuthResponse.swift */ = {isa = PBXFileReference; lastKnownFileType = sourcecode.swift; path = GitHubAuthResponse.swift; sourceTree = "<group>"; };
		542C603B2B8A3EBE00ADD718 /* FollowersVC.swift */ = {isa = PBXFileReference; lastKnownFileType = sourcecode.swift; path = FollowersVC.swift; sourceTree = "<group>"; };
		542C603D2B8A480400ADD718 /* GitHubFollower.swift */ = {isa = PBXFileReference; lastKnownFileType = sourcecode.swift; path = GitHubFollower.swift; sourceTree = "<group>"; };
		54820C982B933CE100020897 /* UtilFunctions.swift */ = {isa = PBXFileReference; lastKnownFileType = sourcecode.swift; path = UtilFunctions.swift; sourceTree = "<group>"; };
		54820C9A2B934BF800020897 /* UserAuthVC.swift */ = {isa = PBXFileReference; lastKnownFileType = sourcecode.swift; path = UserAuthVC.swift; sourceTree = "<group>"; };
		54B76BDB2B7402D00031A873 /* GitHubUsers.app */ = {isa = PBXFileReference; explicitFileType = wrapper.application; includeInIndex = 0; path = GitHubUsers.app; sourceTree = BUILT_PRODUCTS_DIR; };
		54B76BDE2B7402D00031A873 /* AppDelegate.swift */ = {isa = PBXFileReference; lastKnownFileType = sourcecode.swift; path = AppDelegate.swift; sourceTree = "<group>"; };
		54B76BE02B7402D00031A873 /* SceneDelegate.swift */ = {isa = PBXFileReference; lastKnownFileType = sourcecode.swift; path = SceneDelegate.swift; sourceTree = "<group>"; };
		54B76BE22B7402D00031A873 /* SearchVC.swift */ = {isa = PBXFileReference; lastKnownFileType = sourcecode.swift; path = SearchVC.swift; sourceTree = "<group>"; };
		54B76BE72B7402D10031A873 /* Assets.xcassets */ = {isa = PBXFileReference; lastKnownFileType = folder.assetcatalog; path = Assets.xcassets; sourceTree = "<group>"; };
		54B76BEA2B7402D10031A873 /* Base */ = {isa = PBXFileReference; lastKnownFileType = file.storyboard; name = Base; path = Base.lproj/LaunchScreen.storyboard; sourceTree = "<group>"; };
		54B76BEC2B7402D10031A873 /* Info.plist */ = {isa = PBXFileReference; lastKnownFileType = text.plist.xml; path = Info.plist; sourceTree = "<group>"; };
		54B76BF42B74067B0031A873 /* FavouritesVC.swift */ = {isa = PBXFileReference; lastKnownFileType = sourcecode.swift; path = FavouritesVC.swift; sourceTree = "<group>"; };
		54B76BF62B7407B80031A873 /* GHFButton.swift */ = {isa = PBXFileReference; lastKnownFileType = sourcecode.swift; path = GHFButton.swift; sourceTree = "<group>"; };
		54B76BF82B7407C90031A873 /* GHFTextField.swift */ = {isa = PBXFileReference; lastKnownFileType = sourcecode.swift; path = GHFTextField.swift; sourceTree = "<group>"; };
		54B76BFB2B740BB40031A873 /* Constants.swift */ = {isa = PBXFileReference; lastKnownFileType = sourcecode.swift; path = Constants.swift; sourceTree = "<group>"; };
		54CD9B042B853406002C3DBA /* GHNetworkHelper.swift */ = {isa = PBXFileReference; lastKnownFileType = sourcecode.swift; path = GHNetworkHelper.swift; sourceTree = "<group>"; };
		54CD9B062B8536A3002C3DBA /* BaseViewModel.swift */ = {isa = PBXFileReference; lastKnownFileType = sourcecode.swift; path = BaseViewModel.swift; sourceTree = "<group>"; };
		54CD9B082B861753002C3DBA /* GitHubUser.swift */ = {isa = PBXFileReference; lastKnownFileType = sourcecode.swift; path = GitHubUser.swift; sourceTree = "<group>"; };
		54CD9B0A2B861C0E002C3DBA /* UserProfileFromSearchVC.swift */ = {isa = PBXFileReference; lastKnownFileType = sourcecode.swift; path = UserProfileFromSearchVC.swift; sourceTree = "<group>"; };
		54DA8F4E2B8766D1002E25BB /* ResponseDelegate.swift */ = {isa = PBXFileReference; lastKnownFileType = sourcecode.swift; path = ResponseDelegate.swift; sourceTree = "<group>"; };
		54DA8F502B87DC5E002E25BB /* CustomToast.swift */ = {isa = PBXFileReference; lastKnownFileType = sourcecode.swift; path = CustomToast.swift; sourceTree = "<group>"; };
		54E333F32B90AB1A00FF52B4 /* loader.json */ = {isa = PBXFileReference; fileEncoding = 4; lastKnownFileType = text.json; path = loader.json; sourceTree = "<group>"; };
		54E333F62B90B5A800FF52B4 /* GHUserFieldValue.swift */ = {isa = PBXFileReference; lastKnownFileType = sourcecode.swift; path = GHUserFieldValue.swift; sourceTree = "<group>"; };
		54E333F82B90B5BA00FF52B4 /* GHUserFieldHeader.swift */ = {isa = PBXFileReference; lastKnownFileType = sourcecode.swift; path = GHUserFieldHeader.swift; sourceTree = "<group>"; };
		54EEFEA72B9F32AD005737E1 /* KeychainHelper.swift */ = {isa = PBXFileReference; lastKnownFileType = sourcecode.swift; path = KeychainHelper.swift; sourceTree = "<group>"; };
		B1B2EF5E224A6FAAACCEB836 /* Pods-GHFollowersSA.release.xcconfig */ = {isa = PBXFileReference; includeInIndex = 1; lastKnownFileType = text.xcconfig; name = "Pods-GHFollowersSA.release.xcconfig"; path = "Target Support Files/Pods-GHFollowersSA/Pods-GHFollowersSA.release.xcconfig"; sourceTree = "<group>"; };
		F33CEB31946875520D3465C2 /* Pods-GHFollowersSA.debug.xcconfig */ = {isa = PBXFileReference; includeInIndex = 1; lastKnownFileType = text.xcconfig; name = "Pods-GHFollowersSA.debug.xcconfig"; path = "Target Support Files/Pods-GHFollowersSA/Pods-GHFollowersSA.debug.xcconfig"; sourceTree = "<group>"; };
/* End PBXFileReference section */

/* Begin PBXFrameworksBuildPhase section */
		54B76BD82B7402D00031A873 /* Frameworks */ = {
			isa = PBXFrameworksBuildPhase;
			buildActionMask = 2147483647;
			files = (
				39E2D084181904C0D43837EF /* Pods_GHFollowersSA.framework in Frameworks */,
			);
			runOnlyForDeploymentPostprocessing = 0;
		};
/* End PBXFrameworksBuildPhase section */

/* Begin PBXGroup section */
		0DD373C122C2623CDCC56AE2 /* Frameworks */ = {
			isa = PBXGroup;
			children = (
				4A10F7FF0DEAA846168920CF /* Pods_GHFollowersSA.framework */,
			);
			name = Frameworks;
			sourceTree = "<group>";
		};
		54B76BD22B7402D00031A873 = {
			isa = PBXGroup;
			children = (
				54E333F52B90B53900FF52B4 /* LottieAnims */,
				54B76BDD2B7402D00031A873 /* GitHubUsers */,
				54B76BDC2B7402D00031A873 /* Products */,
				72CF709CBAA551B7ADD1D128 /* Pods */,
				0DD373C122C2623CDCC56AE2 /* Frameworks */,
			);
			sourceTree = "<group>";
		};
		54B76BDC2B7402D00031A873 /* Products */ = {
			isa = PBXGroup;
			children = (
				54B76BDB2B7402D00031A873 /* GitHubUsers.app */,
			);
			name = Products;
			sourceTree = "<group>";
		};
		54B76BDD2B7402D00031A873 /* GitHubUsers */ = {
			isa = PBXGroup;
			children = (
				54CD9B032B853021002C3DBA /* network */,
				54B76BF32B74053F0031A873 /* viewcontrollers */,
				54CD9B022B852FE4002C3DBA /* models */,
				54B76BF22B7405380031A873 /* views */,
				54CD9B012B852FDB002C3DBA /* viewmodels */,
				54B76BFA2B740B9E0031A873 /* utils */,
				54B76BDE2B7402D00031A873 /* AppDelegate.swift */,
				54B76BE02B7402D00031A873 /* SceneDelegate.swift */,
				54B76BE72B7402D10031A873 /* Assets.xcassets */,
				54B76BE92B7402D10031A873 /* LaunchScreen.storyboard */,
				54B76BEC2B7402D10031A873 /* Info.plist */,
			);
			path = GitHubUsers;
			sourceTree = "<group>";
		};
		54B76BF22B7405380031A873 /* views */ = {
			isa = PBXGroup;
			children = (
				54B76BF62B7407B80031A873 /* GHFButton.swift */,
				54B76BF82B7407C90031A873 /* GHFTextField.swift */,
				54DA8F502B87DC5E002E25BB /* CustomToast.swift */,
				54E333F62B90B5A800FF52B4 /* GHUserFieldValue.swift */,
				54E333F82B90B5BA00FF52B4 /* GHUserFieldHeader.swift */,
			);
			path = views;
			sourceTree = "<group>";
		};
		54B76BF32B74053F0031A873 /* viewcontrollers */ = {
			isa = PBXGroup;
			children = (
				54B76BE22B7402D00031A873 /* SearchVC.swift */,
				54B76BF42B74067B0031A873 /* FavouritesVC.swift */,
				54CD9B0A2B861C0E002C3DBA /* UserProfileFromSearchVC.swift */,
				542C603B2B8A3EBE00ADD718 /* FollowersVC.swift */,
				54820C9A2B934BF800020897 /* UserAuthVC.swift */,
			);
			path = viewcontrollers;
			sourceTree = "<group>";
		};
		54B76BFA2B740B9E0031A873 /* utils */ = {
			isa = PBXGroup;
			children = (
				54B76BFB2B740BB40031A873 /* Constants.swift */,
				54820C982B933CE100020897 /* UtilFunctions.swift */,
				54EEFEA72B9F32AD005737E1 /* KeychainHelper.swift */,
			);
			path = utils;
			sourceTree = "<group>";
		};
		54CD9B012B852FDB002C3DBA /* viewmodels */ = {
			isa = PBXGroup;
			children = (
				54CD9B062B8536A3002C3DBA /* BaseViewModel.swift */,
			);
			path = viewmodels;
			sourceTree = "<group>";
		};
		54CD9B022B852FE4002C3DBA /* models */ = {
			isa = PBXGroup;
			children = (
				54CD9B082B861753002C3DBA /* GitHubUser.swift */,
				542C603D2B8A480400ADD718 /* GitHubFollower.swift */,
			);
			path = models;
			sourceTree = "<group>";
		};
		54CD9B032B853021002C3DBA /* network */ = {
			isa = PBXGroup;
			children = (
				54CD9B042B853406002C3DBA /* GHNetworkHelper.swift */,
				54DA8F4E2B8766D1002E25BB /* ResponseDelegate.swift */,
				541A473E2B98ACE800D0F7DD /* GitHubAuthResponse.swift */,
			);
			path = network;
			sourceTree = "<group>";
		};
		54E333F52B90B53900FF52B4 /* LottieAnims */ = {
			isa = PBXGroup;
			children = (
				54E333F32B90AB1A00FF52B4 /* loader.json */,
			);
			path = LottieAnims;
			sourceTree = "<group>";
		};
		72CF709CBAA551B7ADD1D128 /* Pods */ = {
			isa = PBXGroup;
			children = (
				F33CEB31946875520D3465C2 /* Pods-GHFollowersSA.debug.xcconfig */,
				B1B2EF5E224A6FAAACCEB836 /* Pods-GHFollowersSA.release.xcconfig */,
			);
			path = Pods;
			sourceTree = "<group>";
		};
/* End PBXGroup section */

/* Begin PBXNativeTarget section */
		54B76BDA2B7402D00031A873 /* GitHubUsers */ = {
			isa = PBXNativeTarget;
			buildConfigurationList = 54B76BEF2B7402D10031A873 /* Build configuration list for PBXNativeTarget "GitHubUsers" */;
			buildPhases = (
				402A6A770339A039152FFC7A /* [CP] Check Pods Manifest.lock */,
				54B76BD72B7402D00031A873 /* Sources */,
				54B76BD82B7402D00031A873 /* Frameworks */,
				54B76BD92B7402D00031A873 /* Resources */,
				2E958C83ABF4123939BB7703 /* [CP] Embed Pods Frameworks */,
			);
			buildRules = (
			);
			dependencies = (
			);
			name = GitHubUsers;
			productName = GHFollowersSA;
			productReference = 54B76BDB2B7402D00031A873 /* GitHubUsers.app */;
			productType = "com.apple.product-type.application";
		};
/* End PBXNativeTarget section */

/* Begin PBXProject section */
		54B76BD32B7402D00031A873 /* Project object */ = {
			isa = PBXProject;
			attributes = {
				BuildIndependentTargetsInParallel = 1;
				LastSwiftUpdateCheck = 1500;
				LastUpgradeCheck = 1500;
				TargetAttributes = {
					54B76BDA2B7402D00031A873 = {
						CreatedOnToolsVersion = 15.0.1;
					};
				};
			};
			buildConfigurationList = 54B76BD62B7402D00031A873 /* Build configuration list for PBXProject "GitHubUsers" */;
			compatibilityVersion = "Xcode 14.0";
			developmentRegion = en;
			hasScannedForEncodings = 0;
			knownRegions = (
				en,
				Base,
			);
			mainGroup = 54B76BD22B7402D00031A873;
			productRefGroup = 54B76BDC2B7402D00031A873 /* Products */;
			projectDirPath = "";
			projectRoot = "";
			targets = (
				54B76BDA2B7402D00031A873 /* GitHubUsers */,
			);
		};
/* End PBXProject section */

/* Begin PBXResourcesBuildPhase section */
		54B76BD92B7402D00031A873 /* Resources */ = {
			isa = PBXResourcesBuildPhase;
			buildActionMask = 2147483647;
			files = (
				54E333F42B90AB1A00FF52B4 /* loader.json in Resources */,
				54B76BEB2B7402D10031A873 /* LaunchScreen.storyboard in Resources */,
				54B76BE82B7402D10031A873 /* Assets.xcassets in Resources */,
			);
			runOnlyForDeploymentPostprocessing = 0;
		};
/* End PBXResourcesBuildPhase section */

/* Begin PBXShellScriptBuildPhase section */
		2E958C83ABF4123939BB7703 /* [CP] Embed Pods Frameworks */ = {
			isa = PBXShellScriptBuildPhase;
			buildActionMask = 2147483647;
			files = (
			);
			inputFileListPaths = (
				"${PODS_ROOT}/Target Support Files/Pods-GHFollowersSA/Pods-GHFollowersSA-frameworks-${CONFIGURATION}-input-files.xcfilelist",
			);
			name = "[CP] Embed Pods Frameworks";
			outputFileListPaths = (
				"${PODS_ROOT}/Target Support Files/Pods-GHFollowersSA/Pods-GHFollowersSA-frameworks-${CONFIGURATION}-output-files.xcfilelist",
			);
			runOnlyForDeploymentPostprocessing = 0;
			shellPath = /bin/sh;
			shellScript = "\"${PODS_ROOT}/Target Support Files/Pods-GHFollowersSA/Pods-GHFollowersSA-frameworks.sh\"\n";
			showEnvVarsInLog = 0;
		};
		402A6A770339A039152FFC7A /* [CP] Check Pods Manifest.lock */ = {
			isa = PBXShellScriptBuildPhase;
			buildActionMask = 2147483647;
			files = (
			);
			inputFileListPaths = (
			);
			inputPaths = (
				"${PODS_PODFILE_DIR_PATH}/Podfile.lock",
				"${PODS_ROOT}/Manifest.lock",
			);
			name = "[CP] Check Pods Manifest.lock";
			outputFileListPaths = (
			);
			outputPaths = (
				"$(DERIVED_FILE_DIR)/Pods-GHFollowersSA-checkManifestLockResult.txt",
			);
			runOnlyForDeploymentPostprocessing = 0;
			shellPath = /bin/sh;
			shellScript = "diff \"${PODS_PODFILE_DIR_PATH}/Podfile.lock\" \"${PODS_ROOT}/Manifest.lock\" > /dev/null\nif [ $? != 0 ] ; then\n    # print error to STDERR\n    echo \"error: The sandbox is not in sync with the Podfile.lock. Run 'pod install' or update your CocoaPods installation.\" >&2\n    exit 1\nfi\n# This output is used by Xcode 'outputs' to avoid re-running this script phase.\necho \"SUCCESS\" > \"${SCRIPT_OUTPUT_FILE_0}\"\n";
			showEnvVarsInLog = 0;
		};
/* End PBXShellScriptBuildPhase section */

/* Begin PBXSourcesBuildPhase section */
		54B76BD72B7402D00031A873 /* Sources */ = {
			isa = PBXSourcesBuildPhase;
			buildActionMask = 2147483647;
			files = (
				54DA8F512B87DC5E002E25BB /* CustomToast.swift in Sources */,
				54B76BE32B7402D00031A873 /* SearchVC.swift in Sources */,
				541A473F2B98ACE800D0F7DD /* GitHubAuthResponse.swift in Sources */,
				54CD9B052B853406002C3DBA /* GHNetworkHelper.swift in Sources */,
				54EEFEA82B9F32AD005737E1 /* KeychainHelper.swift in Sources */,
				54B76BDF2B7402D00031A873 /* AppDelegate.swift in Sources */,
				54B76BF52B74067B0031A873 /* FavouritesVC.swift in Sources */,
				54CD9B0B2B861C0E002C3DBA /* UserProfileFromSearchVC.swift in Sources */,
				54E333F72B90B5A800FF52B4 /* GHUserFieldValue.swift in Sources */,
				54B76BF72B7407B80031A873 /* GHFButton.swift in Sources */,
				542C603C2B8A3EBE00ADD718 /* FollowersVC.swift in Sources */,
				54CD9B072B8536A3002C3DBA /* BaseViewModel.swift in Sources */,
				54E333F92B90B5BA00FF52B4 /* GHUserFieldHeader.swift in Sources */,
				54DA8F4F2B8766D1002E25BB /* ResponseDelegate.swift in Sources */,
				54B76BFC2B740BB40031A873 /* Constants.swift in Sources */,
				542C603E2B8A480400ADD718 /* GitHubFollower.swift in Sources */,
				54B76BE12B7402D00031A873 /* SceneDelegate.swift in Sources */,
				54B76BF92B7407C90031A873 /* GHFTextField.swift in Sources */,
				54CD9B092B861753002C3DBA /* GitHubUser.swift in Sources */,
				54820C992B933CE100020897 /* UtilFunctions.swift in Sources */,
				54820C9B2B934BF800020897 /* UserAuthVC.swift in Sources */,
			);
			runOnlyForDeploymentPostprocessing = 0;
		};
/* End PBXSourcesBuildPhase section */

/* Begin PBXVariantGroup section */
		54B76BE92B7402D10031A873 /* LaunchScreen.storyboard */ = {
			isa = PBXVariantGroup;
			children = (
				54B76BEA2B7402D10031A873 /* Base */,
			);
			name = LaunchScreen.storyboard;
			sourceTree = "<group>";
		};
/* End PBXVariantGroup section */

/* Begin XCBuildConfiguration section */
		54B76BED2B7402D10031A873 /* Debug */ = {
			isa = XCBuildConfiguration;
			buildSettings = {
				ALWAYS_SEARCH_USER_PATHS = NO;
				ASSETCATALOG_COMPILER_GENERATE_SWIFT_ASSET_SYMBOL_EXTENSIONS = YES;
				CLANG_ANALYZER_NONNULL = YES;
				CLANG_ANALYZER_NUMBER_OBJECT_CONVERSION = YES_AGGRESSIVE;
				CLANG_CXX_LANGUAGE_STANDARD = "gnu++20";
				CLANG_ENABLE_MODULES = YES;
				CLANG_ENABLE_OBJC_ARC = YES;
				CLANG_ENABLE_OBJC_WEAK = YES;
				CLANG_WARN_BLOCK_CAPTURE_AUTORELEASING = YES;
				CLANG_WARN_BOOL_CONVERSION = YES;
				CLANG_WARN_COMMA = YES;
				CLANG_WARN_CONSTANT_CONVERSION = YES;
				CLANG_WARN_DEPRECATED_OBJC_IMPLEMENTATIONS = YES;
				CLANG_WARN_DIRECT_OBJC_ISA_USAGE = YES_ERROR;
				CLANG_WARN_DOCUMENTATION_COMMENTS = YES;
				CLANG_WARN_EMPTY_BODY = YES;
				CLANG_WARN_ENUM_CONVERSION = YES;
				CLANG_WARN_INFINITE_RECURSION = YES;
				CLANG_WARN_INT_CONVERSION = YES;
				CLANG_WARN_NON_LITERAL_NULL_CONVERSION = YES;
				CLANG_WARN_OBJC_IMPLICIT_RETAIN_SELF = YES;
				CLANG_WARN_OBJC_LITERAL_CONVERSION = YES;
				CLANG_WARN_OBJC_ROOT_CLASS = YES_ERROR;
				CLANG_WARN_QUOTED_INCLUDE_IN_FRAMEWORK_HEADER = YES;
				CLANG_WARN_RANGE_LOOP_ANALYSIS = YES;
				CLANG_WARN_STRICT_PROTOTYPES = YES;
				CLANG_WARN_SUSPICIOUS_MOVE = YES;
				CLANG_WARN_UNGUARDED_AVAILABILITY = YES_AGGRESSIVE;
				CLANG_WARN_UNREACHABLE_CODE = YES;
				CLANG_WARN__DUPLICATE_METHOD_MATCH = YES;
				COPY_PHASE_STRIP = NO;
				DEBUG_INFORMATION_FORMAT = dwarf;
				ENABLE_STRICT_OBJC_MSGSEND = YES;
				ENABLE_TESTABILITY = YES;
				ENABLE_USER_SCRIPT_SANDBOXING = YES;
				GCC_C_LANGUAGE_STANDARD = gnu17;
				GCC_DYNAMIC_NO_PIC = NO;
				GCC_NO_COMMON_BLOCKS = YES;
				GCC_OPTIMIZATION_LEVEL = 0;
				GCC_PREPROCESSOR_DEFINITIONS = (
					"DEBUG=1",
					"$(inherited)",
				);
				GCC_WARN_64_TO_32_BIT_CONVERSION = YES;
				GCC_WARN_ABOUT_RETURN_TYPE = YES_ERROR;
				GCC_WARN_UNDECLARED_SELECTOR = YES;
				GCC_WARN_UNINITIALIZED_AUTOS = YES_AGGRESSIVE;
				GCC_WARN_UNUSED_FUNCTION = YES;
				GCC_WARN_UNUSED_VARIABLE = YES;
				IPHONEOS_DEPLOYMENT_TARGET = 17.0;
				LOCALIZATION_PREFERS_STRING_CATALOGS = YES;
				MTL_ENABLE_DEBUG_INFO = INCLUDE_SOURCE;
				MTL_FAST_MATH = YES;
				ONLY_ACTIVE_ARCH = YES;
				SDKROOT = iphoneos;
				SWIFT_ACTIVE_COMPILATION_CONDITIONS = "DEBUG $(inherited)";
				SWIFT_OPTIMIZATION_LEVEL = "-Onone";
			};
			name = Debug;
		};
		54B76BEE2B7402D10031A873 /* Release */ = {
			isa = XCBuildConfiguration;
			buildSettings = {
				ALWAYS_SEARCH_USER_PATHS = NO;
				ASSETCATALOG_COMPILER_GENERATE_SWIFT_ASSET_SYMBOL_EXTENSIONS = YES;
				CLANG_ANALYZER_NONNULL = YES;
				CLANG_ANALYZER_NUMBER_OBJECT_CONVERSION = YES_AGGRESSIVE;
				CLANG_CXX_LANGUAGE_STANDARD = "gnu++20";
				CLANG_ENABLE_MODULES = YES;
				CLANG_ENABLE_OBJC_ARC = YES;
				CLANG_ENABLE_OBJC_WEAK = YES;
				CLANG_WARN_BLOCK_CAPTURE_AUTORELEASING = YES;
				CLANG_WARN_BOOL_CONVERSION = YES;
				CLANG_WARN_COMMA = YES;
				CLANG_WARN_CONSTANT_CONVERSION = YES;
				CLANG_WARN_DEPRECATED_OBJC_IMPLEMENTATIONS = YES;
				CLANG_WARN_DIRECT_OBJC_ISA_USAGE = YES_ERROR;
				CLANG_WARN_DOCUMENTATION_COMMENTS = YES;
				CLANG_WARN_EMPTY_BODY = YES;
				CLANG_WARN_ENUM_CONVERSION = YES;
				CLANG_WARN_INFINITE_RECURSION = YES;
				CLANG_WARN_INT_CONVERSION = YES;
				CLANG_WARN_NON_LITERAL_NULL_CONVERSION = YES;
				CLANG_WARN_OBJC_IMPLICIT_RETAIN_SELF = YES;
				CLANG_WARN_OBJC_LITERAL_CONVERSION = YES;
				CLANG_WARN_OBJC_ROOT_CLASS = YES_ERROR;
				CLANG_WARN_QUOTED_INCLUDE_IN_FRAMEWORK_HEADER = YES;
				CLANG_WARN_RANGE_LOOP_ANALYSIS = YES;
				CLANG_WARN_STRICT_PROTOTYPES = YES;
				CLANG_WARN_SUSPICIOUS_MOVE = YES;
				CLANG_WARN_UNGUARDED_AVAILABILITY = YES_AGGRESSIVE;
				CLANG_WARN_UNREACHABLE_CODE = YES;
				CLANG_WARN__DUPLICATE_METHOD_MATCH = YES;
				COPY_PHASE_STRIP = NO;
				DEBUG_INFORMATION_FORMAT = "dwarf-with-dsym";
				ENABLE_NS_ASSERTIONS = NO;
				ENABLE_STRICT_OBJC_MSGSEND = YES;
				ENABLE_USER_SCRIPT_SANDBOXING = YES;
				GCC_C_LANGUAGE_STANDARD = gnu17;
				GCC_NO_COMMON_BLOCKS = YES;
				GCC_WARN_64_TO_32_BIT_CONVERSION = YES;
				GCC_WARN_ABOUT_RETURN_TYPE = YES_ERROR;
				GCC_WARN_UNDECLARED_SELECTOR = YES;
				GCC_WARN_UNINITIALIZED_AUTOS = YES_AGGRESSIVE;
				GCC_WARN_UNUSED_FUNCTION = YES;
				GCC_WARN_UNUSED_VARIABLE = YES;
				IPHONEOS_DEPLOYMENT_TARGET = 17.0;
				LOCALIZATION_PREFERS_STRING_CATALOGS = YES;
				MTL_ENABLE_DEBUG_INFO = NO;
				MTL_FAST_MATH = YES;
				SDKROOT = iphoneos;
				SWIFT_COMPILATION_MODE = wholemodule;
				VALIDATE_PRODUCT = YES;
			};
			name = Release;
		};
		54B76BF02B7402D10031A873 /* Debug */ = {
			isa = XCBuildConfiguration;
			baseConfigurationReference = F33CEB31946875520D3465C2 /* Pods-GHFollowersSA.debug.xcconfig */;
			buildSettings = {
				ASSETCATALOG_COMPILER_APPICON_NAME = AppIcon;
				ASSETCATALOG_COMPILER_GLOBAL_ACCENT_COLOR_NAME = AccentColor;
				CODE_SIGN_STYLE = Automatic;
				CURRENT_PROJECT_VERSION = 1;
				DEVELOPMENT_TEAM = 8AB5C56V3C;
				ENABLE_USER_SCRIPT_SANDBOXING = NO;
				GENERATE_INFOPLIST_FILE = YES;
				INFOPLIST_FILE = GitHubUsers/Info.plist;
				INFOPLIST_KEY_UIApplicationSupportsIndirectInputEvents = YES;
				INFOPLIST_KEY_UILaunchStoryboardName = LaunchScreen;
				INFOPLIST_KEY_UIMainStoryboardFile = "";
				INFOPLIST_KEY_UISupportedInterfaceOrientations = UIInterfaceOrientationPortrait;
				IPHONEOS_DEPLOYMENT_TARGET = 15.1;
				LD_RUNPATH_SEARCH_PATHS = (
					"$(inherited)",
					"@executable_path/Frameworks",
				);
				MARKETING_VERSION = 1.0;
				PRODUCT_BUNDLE_IDENTIFIER = com.sparshchadha.GitHubStats;
				PRODUCT_NAME = "$(TARGET_NAME)";
				SWIFT_EMIT_LOC_STRINGS = YES;
				SWIFT_VERSION = 5.0;
				TARGETED_DEVICE_FAMILY = "1,2";
			};
			name = Debug;
		};
		54B76BF12B7402D10031A873 /* Release */ = {
			isa = XCBuildConfiguration;
			baseConfigurationReference = B1B2EF5E224A6FAAACCEB836 /* Pods-GHFollowersSA.release.xcconfig */;
			buildSettings = {
				ASSETCATALOG_COMPILER_APPICON_NAME = AppIcon;
				ASSETCATALOG_COMPILER_GLOBAL_ACCENT_COLOR_NAME = AccentColor;
				CODE_SIGN_STYLE = Automatic;
				CURRENT_PROJECT_VERSION = 1;
				DEVELOPMENT_TEAM = 8AB5C56V3C;
				ENABLE_USER_SCRIPT_SANDBOXING = NO;
				GENERATE_INFOPLIST_FILE = YES;
				INFOPLIST_FILE = GitHubUsers/Info.plist;
				INFOPLIST_KEY_UIApplicationSupportsIndirectInputEvents = YES;
				INFOPLIST_KEY_UILaunchStoryboardName = LaunchScreen;
				INFOPLIST_KEY_UIMainStoryboardFile = "";
				INFOPLIST_KEY_UISupportedInterfaceOrientations = UIInterfaceOrientationPortrait;
				IPHONEOS_DEPLOYMENT_TARGET = 15.1;
				LD_RUNPATH_SEARCH_PATHS = (
					"$(inherited)",
					"@executable_path/Frameworks",
				);
				MARKETING_VERSION = 1.0;
				PRODUCT_BUNDLE_IDENTIFIER = com.sparshchadha.GitHubStats;
				PRODUCT_NAME = "$(TARGET_NAME)";
				SWIFT_EMIT_LOC_STRINGS = YES;
				SWIFT_VERSION = 5.0;
				TARGETED_DEVICE_FAMILY = "1,2";
			};
			name = Release;
		};
/* End XCBuildConfiguration section */

/* Begin XCConfigurationList section */
		54B76BD62B7402D00031A873 /* Build configuration list for PBXProject "GitHubUsers" */ = {
			isa = XCConfigurationList;
			buildConfigurations = (
				54B76BED2B7402D10031A873 /* Debug */,
				54B76BEE2B7402D10031A873 /* Release */,
			);
			defaultConfigurationIsVisible = 0;
			defaultConfigurationName = Release;
		};
		54B76BEF2B7402D10031A873 /* Build configuration list for PBXNativeTarget "GitHubUsers" */ = {
			isa = XCConfigurationList;
			buildConfigurations = (
				54B76BF02B7402D10031A873 /* Debug */,
				54B76BF12B7402D10031A873 /* Release */,
			);
			defaultConfigurationIsVisible = 0;
			defaultConfigurationName = Release;
		};
/* End XCConfigurationList section */
	};
	rootObject = 54B76BD32B7402D00031A873 /* Project object */;
}
